
Microsoft Visual Studio Solution File, Format Version 12.00
# Visual Studio Version 17
VisualStudioVersion = 17.13.35617.110 d17.13
MinimumVisualStudioVersion = 10.0.40219.1
Project("{FAE04EC0-301F-11D3-BF4B-00C04F79EFBC}") = "Sortings", "src\Sortings\Sortings.csproj", "{68DA1BDD-007B-4CF3-B6B3-D4CDA372B70A}"
EndProject
Project("{FAE04EC0-301F-11D3-BF4B-00C04F79EFBC}") = "Sortings.Tests", "tests\Sortings.Tests\Sortings.Tests.csproj", "{8517253A-6BEC-40C6-A62F-9313B652D0FE}"
EndProject
Global
	GlobalSection(SolutionConfigurationPlatforms) = preSolution
		Debug|Any CPU = Debug|Any CPU
		Release|Any CPU = Release|Any CPU
	EndGlobalSection
	GlobalSection(ProjectConfigurationPlatforms) = postSolution
		{68DA1BDD-007B-4CF3-B6B3-D4CDA372B70A}.Debug|Any CPU.ActiveCfg = Debug|Any CPU
		{68DA1BDD-007B-4CF3-B6B3-D4CDA372B70A}.Debug|Any CPU.Build.0 = Debug|Any CPU
		{68DA1BDD-007B-4CF3-B6B3-D4CDA372B70A}.Release|Any CPU.ActiveCfg = Release|Any CPU
		{68DA1BDD-007B-4CF3-B6B3-D4CDA372B70A}.Release|Any CPU.Build.0 = Release|Any CPU
		{8517253A-6BEC-40C6-A62F-9313B652D0FE}.Debug|Any CPU.ActiveCfg = Debug|Any CPU
		{8517253A-6BEC-40C6-A62F-9313B652D0FE}.Debug|Any CPU.Build.0 = Debug|Any CPU
		{8517253A-6BEC-40C6-A62F-9313B652D0FE}.Release|Any CPU.ActiveCfg = Release|Any CPU
		{8517253A-6BEC-40C6-A62F-9313B652D0FE}.Release|Any CPU.Build.0 = Release|Any CPU
	EndGlobalSection
	GlobalSection(SolutionProperties) = preSolution
		HideSolutionNode = FALSE
	EndGlobalSection
	GlobalSection(ExtensibilityGlobals) = postSolution
		SolutionGuid = {0B81BB4F-061C-44DC-842B-159C145CB5E6}
	EndGlobalSection
EndGlobal
